
Microsoft Visual Studio Solution File, Format Version 12.00
# Visual Studio Version 16
VisualStudioVersion = 16.0.29728.190
MinimumVisualStudioVersion = 10.0.40219.1
Project("{FAE04EC0-301F-11D3-BF4B-00C04F79EFBC}") = "Coding_Lv1_체육복", "Coding_Lv1_체육복\Coding_Lv1_체육복.csproj", "{60452257-9A54-42A2-9D8D-307B73B6D377}"
EndProject
Project("{FAE04EC0-301F-11D3-BF4B-00C04F79EFBC}") = "Coding_Lv1_모의고사", "Coding_Lv1_모의고사\Coding_Lv1_모의고사.csproj", "{DA4BCE49-F139-4A9A-A725-87ABDD9E3902}"
EndProject
Global
	GlobalSection(SolutionConfigurationPlatforms) = preSolution
		Debug|Any CPU = Debug|Any CPU
		Release|Any CPU = Release|Any CPU
	EndGlobalSection
	GlobalSection(ProjectConfigurationPlatforms) = postSolution
		{60452257-9A54-42A2-9D8D-307B73B6D377}.Debug|Any CPU.ActiveCfg = Debug|Any CPU
		{60452257-9A54-42A2-9D8D-307B73B6D377}.Debug|Any CPU.Build.0 = Debug|Any CPU
		{60452257-9A54-42A2-9D8D-307B73B6D377}.Release|Any CPU.ActiveCfg = Release|Any CPU
		{60452257-9A54-42A2-9D8D-307B73B6D377}.Release|Any CPU.Build.0 = Release|Any CPU
		{DA4BCE49-F139-4A9A-A725-87ABDD9E3902}.Debug|Any CPU.ActiveCfg = Debug|Any CPU
		{DA4BCE49-F139-4A9A-A725-87ABDD9E3902}.Debug|Any CPU.Build.0 = Debug|Any CPU
		{DA4BCE49-F139-4A9A-A725-87ABDD9E3902}.Release|Any CPU.ActiveCfg = Release|Any CPU
		{DA4BCE49-F139-4A9A-A725-87ABDD9E3902}.Release|Any CPU.Build.0 = Release|Any CPU
	EndGlobalSection
	GlobalSection(SolutionProperties) = preSolution
		HideSolutionNode = FALSE
	EndGlobalSection
	GlobalSection(ExtensibilityGlobals) = postSolution
		SolutionGuid = {C94A8959-D33F-4F04-ADF6-563922017711}
	EndGlobalSection
EndGlobal
